{
  "name": "polymer3",
  "version": "1.0.0",
  "lockfileVersion": 1,
  "requires": true,
  "dependencies": {
    "@polymer/iron-a11y-announcer": {
      "version": "3.0.0-pre.10",
      "resolved": "https://registry.npmjs.org/@polymer/iron-a11y-announcer/-/iron-a11y-announcer-3.0.0-pre.10.tgz",
      "integrity": "sha512-fNGoGz9vg1y1DBrw0Kd3KH6Mr/IFL8qecRq2HUqNUlWPks47aJ9PmxYDD1BZeufGoMSvox9nyHTTzQOd/FDPng==",
      "requires": {
        "@polymer/polymer": "3.0.0-pre.10"
      }
    },
    "@polymer/iron-ajax": {
      "version": "3.0.0-pre.10",
      "resolved": "https://registry.npmjs.org/@polymer/iron-ajax/-/iron-ajax-3.0.0-pre.10.tgz",
      "integrity": "sha512-JxhXZikBmSfoEZkh7i0NNnZk7xhw+hsR4jNv57U1D/Lg3eE3cWdREV6BVJHGXnEcTDwDuRmHh3fjXbu/rjLKdg==",
      "requires": {
        "@polymer/polymer": "3.0.0-pre.10"
      }
    },
    "@polymer/iron-form": {
      "version": "3.0.0-pre.10",
      "resolved": "https://registry.npmjs.org/@polymer/iron-form/-/iron-form-3.0.0-pre.10.tgz",
      "integrity": "sha512-PJNTXW2P1PB4NZWV3dJqrNAs3PkN4Nwh9v+m3ehMYPnPsKHjCnppM33FWAej8fiFEhmyHkqqM9ZUGhmu9hdKPQ==",
      "requires": {
        "@polymer/iron-ajax": "3.0.0-pre.10",
        "@polymer/polymer": "3.0.0-pre.10"
      }
    },
    "@polymer/iron-input": {
      "version": "3.0.0-pre.10",
      "resolved": "https://registry.npmjs.org/@polymer/iron-input/-/iron-input-3.0.0-pre.10.tgz",
      "integrity": "sha512-yiwgGtOwrqJZ8bICR2wi0NIQiD4kEpavjYauoJ9L90fODvlDi552yZDupujuzAbFAgVz2TRo9Rzh713xK7i3Pw==",
      "requires": {
        "@polymer/iron-a11y-announcer": "3.0.0-pre.10",
        "@polymer/iron-validatable-behavior": "3.0.0-pre.10",
        "@polymer/polymer": "3.0.0-pre.10"
      }
    },
    "@polymer/iron-meta": {
      "version": "3.0.0-pre.10",
      "resolved": "https://registry.npmjs.org/@polymer/iron-meta/-/iron-meta-3.0.0-pre.10.tgz",
      "integrity": "sha512-8ebkkK0bMVnnePswIvweB3+qswwk/Ob3LkUfNeGni9/gMAWs5qy70FT92cFyKCGJVn/Xbj5EfCgizud5MzTe9Q==",
      "requires": {
        "@polymer/polymer": "3.0.0-pre.10"
      }
    },
    "@polymer/iron-validatable-behavior": {
      "version": "3.0.0-pre.10",
      "resolved": "https://registry.npmjs.org/@polymer/iron-validatable-behavior/-/iron-validatable-behavior-3.0.0-pre.10.tgz",
      "integrity": "sha512-M9KG1u/AASAZFbm1YE+ZyTqDlI73MXhSdIK+7daqnTnvwDU94AtMkJVzgSl0DxSJ/FwRKWde8eVus5k+DVBJpw==",
      "requires": {
        "@polymer/iron-meta": "3.0.0-pre.10",
        "@polymer/polymer": "3.0.0-pre.10"
      }
    },
    "@polymer/polymer": {
      "version": "3.0.0-pre.10",
      "resolved": "https://registry.npmjs.org/@polymer/polymer/-/polymer-3.0.0-pre.10.tgz",
      "integrity": "sha512-X9WoYgkFGK9RoAxWNI6DwXI3OIlBlATAKKwF23l3ytXO67Wz+DFxgjMwkl3VTJdo2WsbuI5NDILe0+yZ3gbF5g==",
      "requires": {
        "@webcomponents/shadycss": "1.1.1",
        "@webcomponents/webcomponentsjs": "1.1.0"
      }
    },
    "@webcomponents/shadycss": {
      "version": "1.1.1",
      "resolved": "https://registry.npmjs.org/@webcomponents/shadycss/-/shadycss-1.1.1.tgz",
      "integrity": "sha512-7iVMw1HU0e5tTxL1OIqw/RBGmnYuz1HUNd7t1UYq7VmoBOl5Zm4g3spUBSksyd97SiXauFlXAeSpA0/in9k+dw=="
    },
    "@webcomponents/webcomponentsjs": {
      "version": "1.1.0",
      "resolved": "https://registry.npmjs.org/@webcomponents/webcomponentsjs/-/webcomponentsjs-1.1.0.tgz",
      "integrity": "sha512-7toNyVlrl7vJnY3PU0eXIK1KWq8phfnEe1IwOdCMxkIl/BfUkUB2aaVs45R0LSx1qxHRnkqj0vlGtskUvKkNkA=="
    },
    "builtin-modules": {
      "version": "1.1.1",
      "resolved": "https://registry.npmjs.org/builtin-modules/-/builtin-modules-1.1.1.tgz",
      "integrity": "sha1-Jw8HbFpywC9bZaR9+Uxf46J4iS8=",
      "dev": true
    },
    "commander": {
      "version": "2.13.0",
      "resolved": "https://registry.npmjs.org/commander/-/commander-2.13.0.tgz",
      "integrity": "sha512-MVuS359B+YzaWqjCL/c+22gfryv+mCBPHAv3zyVI2GN8EY6IRP8VwtasXn8jyyhvvq84R4ImN1OKRtcbIasjYA==",
      "dev": true
    },
    "is-module": {
      "version": "1.0.0",
      "resolved": "https://registry.npmjs.org/is-module/-/is-module-1.0.0.tgz",
      "integrity": "sha1-Mlj7afeMFNW4FdZkM2tM/7ZEFZE=",
      "dev": true
    },
    "path-parse": {
      "version": "1.0.5",
      "resolved": "https://registry.npmjs.org/path-parse/-/path-parse-1.0.5.tgz",
      "integrity": "sha1-PBrfhx6pzWyUMbbqK9dKD/BVxME=",
      "dev": true
    },
    "resolve": {
      "version": "1.5.0",
      "resolved": "https://registry.npmjs.org/resolve/-/resolve-1.5.0.tgz",
      "integrity": "sha512-hgoSGrc3pjzAPHNBg+KnFcK2HwlHTs/YrAGUr6qgTVUZmXv1UEXXl0bZNBKMA9fud6lRYFdPGz0xXxycPzmmiw==",
      "dev": true,
      "requires": {
        "path-parse": "1.0.5"
      }
    },
    "rollup": {
      "version": "0.56.2",
      "resolved": "https://registry.npmjs.org/rollup/-/rollup-0.56.2.tgz",
      "integrity": "sha512-vZIn0P+xA1glmc4DwRsUC9ce6SSE5gZT2YKaRiSYHwJXHcRtXWHOvrY2NtUR8Gk+EoszyyoXMfw9OrYCCKCYCA==",
      "dev": true
    },
    "rollup-plugin-node-resolve": {
      "version": "3.0.3",
      "resolved": "https://registry.npmjs.org/rollup-plugin-node-resolve/-/rollup-plugin-node-resolve-3.0.3.tgz",
      "integrity": "sha512-qJLXJ1aASV6p8SrEfRdQdHmb5OQmqXyIWIdVGcju8QFzftSsHcuL554Vy+n8mr0fZCC+ksO6aWJ7TAVl2F+Qwg==",
      "dev": true,
      "requires": {
        "builtin-modules": "1.1.1",
        "is-module": "1.0.0",
        "resolve": "1.5.0"
      }
    },
    "source-map": {
      "version": "0.6.1",
      "resolved": "https://registry.npmjs.org/source-map/-/source-map-0.6.1.tgz",
      "integrity": "sha512-UjgapumWlbMhkBgzT7Ykc5YXUT46F0iKu8SGXq0bcwP5dz/h0Plj6enJqjz1Zbq2l5WaqYnrVbwWOWMyF3F47g==",
      "dev": true
    },
    "uglify-es": {
      "version": "3.3.9",
      "resolved": "https://registry.npmjs.org/uglify-es/-/uglify-es-3.3.9.tgz",
      "integrity": "sha512-r+MU0rfv4L/0eeW3xZrd16t4NZfK8Ld4SWVglYBb7ez5uXFWHuVRs6xCTrf1yirs9a4j4Y27nn7SRfO6v67XsQ==",
      "dev": true,
      "requires": {
        "commander": "2.13.0",
        "source-map": "0.6.1"
      }
    }
  }
}
